
Microsoft Visual Studio Solution File, Format Version 12.00
# Visual Studio Version 17
VisualStudioVersion = 17.3.32929.385
MinimumVisualStudioVersion = 10.0.40219.1
Project("{FAE04EC0-301F-11D3-BF4B-00C04F79EFBC}") = "ShopAPI", "ShopAPI.csproj", "{430BAF2C-72CD-4980-A91B-5B3291C51404}"
EndProject
Global
	GlobalSection(SolutionConfigurationPlatforms) = preSolution
		Debug|Any CPU = Debug|Any CPU
		Release|Any CPU = Release|Any CPU
	EndGlobalSection
	GlobalSection(ProjectConfigurationPlatforms) = postSolution
		{430BAF2C-72CD-4980-A91B-5B3291C51404}.Debug|Any CPU.ActiveCfg = Debug|Any CPU
		{430BAF2C-72CD-4980-A91B-5B3291C51404}.Debug|Any CPU.Build.0 = Debug|Any CPU
		{430BAF2C-72CD-4980-A91B-5B3291C51404}.Release|Any CPU.ActiveCfg = Release|Any CPU
		{430BAF2C-72CD-4980-A91B-5B3291C51404}.Release|Any CPU.Build.0 = Release|Any CPU
	EndGlobalSection
	GlobalSection(SolutionProperties) = preSolution
		HideSolutionNode = FALSE
	EndGlobalSection
	GlobalSection(ExtensibilityGlobals) = postSolution
		SolutionGuid = {56247D84-A823-4664-B549-4891E76FF2DB}
	EndGlobalSection
EndGlobal
